
Microsoft Visual Studio Solution File, Format Version 12.00
# Visual Studio 2012
Project("{FAE04EC0-301F-11D3-BF4B-00C04F79EFBC}") = "PearXLib.SQL", "PearXLib.SQL\PearXLib.SQL.csproj", "{7FD9CC21-EA02-48E7-8CEA-D3538695C70D}"
EndProject
Global
	GlobalSection(SolutionConfigurationPlatforms) = preSolution
		Debug|Any CPU = Debug|Any CPU
		Release|Any CPU = Release|Any CPU
	EndGlobalSection
	GlobalSection(ProjectConfigurationPlatforms) = postSolution
		{7FD9CC21-EA02-48E7-8CEA-D3538695C70D}.Debug|Any CPU.ActiveCfg = Debug|Any CPU
		{7FD9CC21-EA02-48E7-8CEA-D3538695C70D}.Debug|Any CPU.Build.0 = Debug|Any CPU
		{7FD9CC21-EA02-48E7-8CEA-D3538695C70D}.Release|Any CPU.ActiveCfg = Release|Any CPU
		{7FD9CC21-EA02-48E7-8CEA-D3538695C70D}.Release|Any CPU.Build.0 = Release|Any CPU
	EndGlobalSection
EndGlobal
